
Microsoft Visual Studio Solution File, Format Version 12.00
# Visual Studio 15
VisualStudioVersion = 15.0.28307.421
MinimumVisualStudioVersion = 10.0.40219.1
Project("{FAE04EC0-301F-11D3-BF4B-00C04F79EFBC}") = "Basic_Ballistic_Equation", "Basic_Ballistic_Equation\Basic_Ballistic_Equation.csproj", "{87F343B3-3AE0-472C-ABC2-6235EBFCE47E}"
EndProject
Project("{FAE04EC0-301F-11D3-BF4B-00C04F79EFBC}") = "Regula_Falsi", "Regula_Falsi\Regula_Falsi.csproj", "{8035F97D-5C08-46D3-8D3B-54BC15E7DC9C}"
EndProject
Project("{FAE04EC0-301F-11D3-BF4B-00C04F79EFBC}") = "Wows_Ballistic_Tool_GUI", "Wows_Ballistic_Tool_GUI\Wows_Ballistic_Tool_GUI.csproj", "{8CEF7567-C793-45B3-AB8F-ABA705503FFA}"
EndProject
Global
	GlobalSection(SolutionConfigurationPlatforms) = preSolution
		Debug|Any CPU = Debug|Any CPU
		Release|Any CPU = Release|Any CPU
	EndGlobalSection
	GlobalSection(ProjectConfigurationPlatforms) = postSolution
		{87F343B3-3AE0-472C-ABC2-6235EBFCE47E}.Debug|Any CPU.ActiveCfg = Debug|Any CPU
		{87F343B3-3AE0-472C-ABC2-6235EBFCE47E}.Debug|Any CPU.Build.0 = Debug|Any CPU
		{87F343B3-3AE0-472C-ABC2-6235EBFCE47E}.Release|Any CPU.ActiveCfg = Release|Any CPU
		{87F343B3-3AE0-472C-ABC2-6235EBFCE47E}.Release|Any CPU.Build.0 = Release|Any CPU
		{8035F97D-5C08-46D3-8D3B-54BC15E7DC9C}.Debug|Any CPU.ActiveCfg = Debug|Any CPU
		{8035F97D-5C08-46D3-8D3B-54BC15E7DC9C}.Debug|Any CPU.Build.0 = Debug|Any CPU
		{8035F97D-5C08-46D3-8D3B-54BC15E7DC9C}.Release|Any CPU.ActiveCfg = Release|Any CPU
		{8035F97D-5C08-46D3-8D3B-54BC15E7DC9C}.Release|Any CPU.Build.0 = Release|Any CPU
		{8CEF7567-C793-45B3-AB8F-ABA705503FFA}.Debug|Any CPU.ActiveCfg = Debug|Any CPU
		{8CEF7567-C793-45B3-AB8F-ABA705503FFA}.Debug|Any CPU.Build.0 = Debug|Any CPU
		{8CEF7567-C793-45B3-AB8F-ABA705503FFA}.Release|Any CPU.ActiveCfg = Release|Any CPU
		{8CEF7567-C793-45B3-AB8F-ABA705503FFA}.Release|Any CPU.Build.0 = Release|Any CPU
	EndGlobalSection
	GlobalSection(SolutionProperties) = preSolution
		HideSolutionNode = FALSE
	EndGlobalSection
	GlobalSection(ExtensibilityGlobals) = postSolution
		SolutionGuid = {C14D12E9-F13F-44B5-9271-FA7E159841C0}
	EndGlobalSection
EndGlobal
