
Microsoft Visual Studio Solution File, Format Version 12.00
# Visual Studio 15
VisualStudioVersion = 15.0.28307.421
MinimumVisualStudioVersion = 10.0.40219.1
Project("{FAE04EC0-301F-11D3-BF4B-00C04F79EFBC}") = "Wows_Ballistic_Tool", "Wows_Ballistic_Tool\Wows_Ballistic_Tool.csproj", "{4D0F0F42-DC8A-459E-BA60-53780CED64FB}"
EndProject
Global
	GlobalSection(SolutionConfigurationPlatforms) = preSolution
		Debug|Any CPU = Debug|Any CPU
		Release|Any CPU = Release|Any CPU
	EndGlobalSection
	GlobalSection(ProjectConfigurationPlatforms) = postSolution
		{4D0F0F42-DC8A-459E-BA60-53780CED64FB}.Debug|Any CPU.ActiveCfg = Debug|Any CPU
		{4D0F0F42-DC8A-459E-BA60-53780CED64FB}.Debug|Any CPU.Build.0 = Debug|Any CPU
		{4D0F0F42-DC8A-459E-BA60-53780CED64FB}.Release|Any CPU.ActiveCfg = Release|Any CPU
		{4D0F0F42-DC8A-459E-BA60-53780CED64FB}.Release|Any CPU.Build.0 = Release|Any CPU
	EndGlobalSection
	GlobalSection(SolutionProperties) = preSolution
		HideSolutionNode = FALSE
	EndGlobalSection
	GlobalSection(ExtensibilityGlobals) = postSolution
		SolutionGuid = {C14D12E9-F13F-44B5-9271-FA7E159841C0}
	EndGlobalSection
EndGlobal
